# generated by rye
# use `rye lock` or `rye sync` to update this lockfile
#
# last locked with the following flags:
#   pre: false
#   features: []
#   all-features: false
#   with-sources: false

-e file:.
certifi==2024.2.2
    # via requests
charset-normalizer==3.3.2
    # via requests
greenlet==3.0.3
    # via playwright
idna==3.7
    # via requests
lxml==5.2.1
    # via crawler-demo
playwright==1.43.0
    # via crawler-demo
pyee==11.1.0
    # via playwright
requests==2.31.0
    # via crawler-demo
typing-extensions==4.11.0
    # via pyee
urllib3==2.2.1
    # via requests
